{
  "name": "url-audit-kit",
  "version": "2.0.0",
  "lockfileVersion": 3,
  "requires": true,
  "packages": {
    "": {
      "name": "url-audit-kit",
      "version": "2.0.0",
      "dependencies": {
        "node-sqlite3-wasm": "^0.8.56"
      },
      "engines": {
        "node": ">=18.0.0"
      }
    },
    "node_modules/node-sqlite3-wasm": {
      "version": "0.8.56",
      "resolved": "https://registry.npmjs.org/node-sqlite3-wasm/-/node-sqlite3-wasm-0.8.56.tgz",
      "integrity": "sha512-piu6QQNAm8cg6IK8vuI4zdMwlMjhay6Xb5gg3gc5pIMY8w75ZqXOtZKMy74tp8w4rhykyC/3s8fElWhWLntRtQ==",
      "license": "MIT"
    }
  }
}
